
Microsoft Visual Studio Solution File, Format Version 12.00
# Visual Studio Version 17
VisualStudioVersion = 17.13.35825.156 d17.13
MinimumVisualStudioVersion = 10.0.40219.1
Project("{FAE04EC0-301F-11D3-BF4B-00C04F79EFBC}") = "CodeFirstASPCore", "CodeFirstASPCore\CodeFirstASPCore.csproj", "{2F29711D-40B4-4456-AF46-7141198CE35E}"
EndProject
Global
	GlobalSection(SolutionConfigurationPlatforms) = preSolution
		Debug|Any CPU = Debug|Any CPU
		Release|Any CPU = Release|Any CPU
	EndGlobalSection
	GlobalSection(ProjectConfigurationPlatforms) = postSolution
		{2F29711D-40B4-4456-AF46-7141198CE35E}.Debug|Any CPU.ActiveCfg = Debug|Any CPU
		{2F29711D-40B4-4456-AF46-7141198CE35E}.Debug|Any CPU.Build.0 = Debug|Any CPU
		{2F29711D-40B4-4456-AF46-7141198CE35E}.Release|Any CPU.ActiveCfg = Release|Any CPU
		{2F29711D-40B4-4456-AF46-7141198CE35E}.Release|Any CPU.Build.0 = Release|Any CPU
	EndGlobalSection
	GlobalSection(SolutionProperties) = preSolution
		HideSolutionNode = FALSE
	EndGlobalSection
	GlobalSection(ExtensibilityGlobals) = postSolution
		SolutionGuid = {F15106DC-4CEF-4595-A574-C2AE3AFAEF0A}
	EndGlobalSection
EndGlobal
