
Microsoft Visual Studio Solution File, Format Version 12.00
# Visual Studio Version 17
VisualStudioVersion = 17.13.35825.156 d17.13
MinimumVisualStudioVersion = 10.0.40219.1
Project("{FAE04EC0-301F-11D3-BF4B-00C04F79EFBC}") = "ASPCoreViewImport", "ASPCoreViewImport\ASPCoreViewImport.csproj", "{F634D0AC-DE76-4DED-9779-3D978DD586C3}"
EndProject
Global
	GlobalSection(SolutionConfigurationPlatforms) = preSolution
		Debug|Any CPU = Debug|Any CPU
		Release|Any CPU = Release|Any CPU
	EndGlobalSection
	GlobalSection(ProjectConfigurationPlatforms) = postSolution
		{F634D0AC-DE76-4DED-9779-3D978DD586C3}.Debug|Any CPU.ActiveCfg = Debug|Any CPU
		{F634D0AC-DE76-4DED-9779-3D978DD586C3}.Debug|Any CPU.Build.0 = Debug|Any CPU
		{F634D0AC-DE76-4DED-9779-3D978DD586C3}.Release|Any CPU.ActiveCfg = Release|Any CPU
		{F634D0AC-DE76-4DED-9779-3D978DD586C3}.Release|Any CPU.Build.0 = Release|Any CPU
	EndGlobalSection
	GlobalSection(SolutionProperties) = preSolution
		HideSolutionNode = FALSE
	EndGlobalSection
	GlobalSection(ExtensibilityGlobals) = postSolution
		SolutionGuid = {8A5F37D2-69EA-41F7-8BE0-CFC318D91A25}
	EndGlobalSection
EndGlobal
